
Microsoft Visual Studio Solution File, Format Version 12.00
# Visual Studio 15
VisualStudioVersion = 15.0.28307.1209
MinimumVisualStudioVersion = 10.0.40219.1
Project("{8BC9CEB8-8B4A-11D0-8D11-00A0C91BC942}") = "pigeon_hold_10", "pigeon_hold_10\pigeon_hold_10.vcxproj", "{C947DA85-D9F8-4E85-9E77-B0D8641A4553}"
EndProject
Project("{8BC9CEB8-8B4A-11D0-8D11-00A0C91BC942}") = "n_queen_11", "n_queen_11\n_queen_11.vcxproj", "{054028D7-AB2E-479E-B13C-62490E3C2A81}"
EndProject
Project("{8BC9CEB8-8B4A-11D0-8D11-00A0C91BC942}") = "n_queen_decoder_11", "n_queen_decoder_11\n_queen_decoder_11.vcxproj", "{D7E1FEC6-636A-4BEB-8AB0-C0EADC30D16B}"
EndProject
Project("{8BC9CEB8-8B4A-11D0-8D11-00A0C91BC942}") = "sudoku_encoder_12", "sudoku_encoder_12\sudoku_encoder_12.vcxproj", "{35260AAB-3981-4CE3-BC3A-12CE298F30D2}"
EndProject
Project("{8BC9CEB8-8B4A-11D0-8D11-00A0C91BC942}") = "sudoku_decoder_12", "sudoku_decoder_12\sudoku_decoder_12.vcxproj", "{A38DA85D-CAA8-4FBD-B066-24EB49460945}"
EndProject
Global
	GlobalSection(SolutionConfigurationPlatforms) = preSolution
		Debug|x64 = Debug|x64
		Debug|x86 = Debug|x86
		Release|x64 = Release|x64
		Release|x86 = Release|x86
	EndGlobalSection
	GlobalSection(ProjectConfigurationPlatforms) = postSolution
		{C947DA85-D9F8-4E85-9E77-B0D8641A4553}.Debug|x64.ActiveCfg = Debug|x64
		{C947DA85-D9F8-4E85-9E77-B0D8641A4553}.Debug|x64.Build.0 = Debug|x64
		{C947DA85-D9F8-4E85-9E77-B0D8641A4553}.Debug|x86.ActiveCfg = Debug|Win32
		{C947DA85-D9F8-4E85-9E77-B0D8641A4553}.Debug|x86.Build.0 = Debug|Win32
		{C947DA85-D9F8-4E85-9E77-B0D8641A4553}.Release|x64.ActiveCfg = Release|x64
		{C947DA85-D9F8-4E85-9E77-B0D8641A4553}.Release|x64.Build.0 = Release|x64
		{C947DA85-D9F8-4E85-9E77-B0D8641A4553}.Release|x86.ActiveCfg = Release|Win32
		{C947DA85-D9F8-4E85-9E77-B0D8641A4553}.Release|x86.Build.0 = Release|Win32
		{054028D7-AB2E-479E-B13C-62490E3C2A81}.Debug|x64.ActiveCfg = Debug|x64
		{054028D7-AB2E-479E-B13C-62490E3C2A81}.Debug|x64.Build.0 = Debug|x64
		{054028D7-AB2E-479E-B13C-62490E3C2A81}.Debug|x86.ActiveCfg = Debug|Win32
		{054028D7-AB2E-479E-B13C-62490E3C2A81}.Debug|x86.Build.0 = Debug|Win32
		{054028D7-AB2E-479E-B13C-62490E3C2A81}.Release|x64.ActiveCfg = Release|x64
		{054028D7-AB2E-479E-B13C-62490E3C2A81}.Release|x64.Build.0 = Release|x64
		{054028D7-AB2E-479E-B13C-62490E3C2A81}.Release|x86.ActiveCfg = Release|Win32
		{054028D7-AB2E-479E-B13C-62490E3C2A81}.Release|x86.Build.0 = Release|Win32
		{D7E1FEC6-636A-4BEB-8AB0-C0EADC30D16B}.Debug|x64.ActiveCfg = Debug|x64
		{D7E1FEC6-636A-4BEB-8AB0-C0EADC30D16B}.Debug|x64.Build.0 = Debug|x64
		{D7E1FEC6-636A-4BEB-8AB0-C0EADC30D16B}.Debug|x86.ActiveCfg = Debug|Win32
		{D7E1FEC6-636A-4BEB-8AB0-C0EADC30D16B}.Debug|x86.Build.0 = Debug|Win32
		{D7E1FEC6-636A-4BEB-8AB0-C0EADC30D16B}.Release|x64.ActiveCfg = Release|x64
		{D7E1FEC6-636A-4BEB-8AB0-C0EADC30D16B}.Release|x64.Build.0 = Release|x64
		{D7E1FEC6-636A-4BEB-8AB0-C0EADC30D16B}.Release|x86.ActiveCfg = Release|Win32
		{D7E1FEC6-636A-4BEB-8AB0-C0EADC30D16B}.Release|x86.Build.0 = Release|Win32
		{35260AAB-3981-4CE3-BC3A-12CE298F30D2}.Debug|x64.ActiveCfg = Debug|x64
		{35260AAB-3981-4CE3-BC3A-12CE298F30D2}.Debug|x64.Build.0 = Debug|x64
		{35260AAB-3981-4CE3-BC3A-12CE298F30D2}.Debug|x86.ActiveCfg = Debug|Win32
		{35260AAB-3981-4CE3-BC3A-12CE298F30D2}.Debug|x86.Build.0 = Debug|Win32
		{35260AAB-3981-4CE3-BC3A-12CE298F30D2}.Release|x64.ActiveCfg = Release|x64
		{35260AAB-3981-4CE3-BC3A-12CE298F30D2}.Release|x64.Build.0 = Release|x64
		{35260AAB-3981-4CE3-BC3A-12CE298F30D2}.Release|x86.ActiveCfg = Release|Win32
		{35260AAB-3981-4CE3-BC3A-12CE298F30D2}.Release|x86.Build.0 = Release|Win32
		{A38DA85D-CAA8-4FBD-B066-24EB49460945}.Debug|x64.ActiveCfg = Debug|x64
		{A38DA85D-CAA8-4FBD-B066-24EB49460945}.Debug|x64.Build.0 = Debug|x64
		{A38DA85D-CAA8-4FBD-B066-24EB49460945}.Debug|x86.ActiveCfg = Debug|Win32
		{A38DA85D-CAA8-4FBD-B066-24EB49460945}.Debug|x86.Build.0 = Debug|Win32
		{A38DA85D-CAA8-4FBD-B066-24EB49460945}.Release|x64.ActiveCfg = Release|x64
		{A38DA85D-CAA8-4FBD-B066-24EB49460945}.Release|x64.Build.0 = Release|x64
		{A38DA85D-CAA8-4FBD-B066-24EB49460945}.Release|x86.ActiveCfg = Release|Win32
		{A38DA85D-CAA8-4FBD-B066-24EB49460945}.Release|x86.Build.0 = Release|Win32
	EndGlobalSection
	GlobalSection(SolutionProperties) = preSolution
		HideSolutionNode = FALSE
	EndGlobalSection
	GlobalSection(ExtensibilityGlobals) = postSolution
		SolutionGuid = {9509D337-7B2D-4DB0-86EA-EDB3A624A91D}
	EndGlobalSection
EndGlobal
